{
    "version": 3,
    "terraform_version": "0.10.7",
    "serial": 44,
    "lineage": "729bd012-9cd5-43e2-9406-a3db5e1b352a",
    "modules": [
        {
            "path": [
                "root"
            ],
            "outputs": {
                "instance_ids": {
                    "sensitive": false,
                    "type": "list",
                    "value": [
                        "i-0f3d315dd2f1a665b",
                        "i-0896e6542c15cc5d0",
                        "i-006f7ca6095f513a9",
                        "i-0b7e4f4d640fd06f9",
                        "i-0a964aedced047b44"
                    ]
                },
                "instance_ips": {
                    "sensitive": false,
                    "type": "list",
                    "value": [
                        "34.226.65.12",
                        "34.236.140.158",
                        "34.204.23.255",
                        "34.192.13.200",
                        "34.237.74.154"
                    ]
                }
            },
            "resources": {
                "aws_eip.inst.0": {
                    "type": "aws_eip",
                    "depends_on": [
                        "aws_instance.web.*"
                    ],
                    "primary": {
                        "id": "eipalloc-71299444",
                        "attributes": {
                            "association_id": "eipassoc-0f74e338",
                            "domain": "vpc",
                            "id": "eipalloc-71299444",
                            "instance": "i-0f3d315dd2f1a665b",
                            "network_interface": "eni-3d601db7",
                            "private_ip": "10.0.0.179",
                            "public_ip": "34.226.65.12",
                            "vpc": "true"
                        },
                        "meta": {},
                        "tainted": false
                    },
                    "deposed": [],
                    "provider": ""
                },
                "aws_eip.inst.1": {
                    "type": "aws_eip",
                    "depends_on": [
                        "aws_instance.web.*"
                    ],
                    "primary": {
                        "id": "eipalloc-70299445",
                        "attributes": {
                            "association_id": "eipassoc-f670e7c1",
                            "domain": "vpc",
                            "id": "eipalloc-70299445",
                            "instance": "i-0896e6542c15cc5d0",
                            "network_interface": "eni-2d6914a7",
                            "private_ip": "10.0.0.73",
                            "public_ip": "34.236.140.158",
                            "vpc": "true"
                        },
                        "meta": {},
                        "tainted": false
                    },
                    "deposed": [],
                    "provider": ""
                },
                "aws_eip.inst.2": {
                    "type": "aws_eip",
                    "depends_on": [
                        "aws_instance.web.*"
                    ],
                    "primary": {
                        "id": "eipalloc-e72895d2",
                        "attributes": {
                            "association_id": "eipassoc-137fe824",
                            "domain": "vpc",
                            "id": "eipalloc-e72895d2",
                            "instance": "i-006f7ca6095f513a9",
                            "network_interface": "eni-5b6518d1",
                            "private_ip": "10.0.0.252",
                            "public_ip": "34.204.23.255",
                            "vpc": "true"
                        },
                        "meta": {},
                        "tainted": false
                    },
                    "deposed": [],
                    "provider": ""
                },
                "aws_eip.inst.3": {
                    "type": "aws_eip",
                    "depends_on": [
                        "aws_instance.web.*"
                    ],
                    "primary": {
                        "id": "eipalloc-c82994fd",
                        "attributes": {
                            "association_id": "eipassoc-f475e2c3",
                            "domain": "vpc",
                            "id": "eipalloc-c82994fd",
                            "instance": "i-0b7e4f4d640fd06f9",
                            "network_interface": "eni-23661ba9",
                            "private_ip": "10.0.0.244",
                            "public_ip": "34.192.13.200",
                            "vpc": "true"
                        },
                        "meta": {},
                        "tainted": false
                    },
                    "deposed": [],
                    "provider": ""
                },
                "aws_eip.inst.4": {
                    "type": "aws_eip",
                    "depends_on": [
                        "aws_instance.web.*"
                    ],
                    "primary": {
                        "id": "eipalloc-032c9136",
                        "attributes": {
                            "association_id": "eipassoc-cb71e6fc",
                            "domain": "vpc",
                            "id": "eipalloc-032c9136",
                            "instance": "i-0a964aedced047b44",
                            "network_interface": "eni-786914f2",
                            "private_ip": "10.0.0.217",
                            "public_ip": "34.237.74.154",
                            "vpc": "true"
                        },
                        "meta": {},
                        "tainted": false
                    },
                    "deposed": [],
                    "provider": ""
                },
                "aws_eip.nat": {
                    "type": "aws_eip",
                    "depends_on": [],
                    "primary": {
                        "id": "eipalloc-cd2a97f8",
                        "attributes": {
                            "association_id": "",
                            "domain": "vpc",
                            "id": "eipalloc-cd2a97f8",
                            "instance": "",
                            "network_interface": "",
                            "private_ip": "",
                            "public_ip": "54.156.240.68",
                            "vpc": "true"
                        },
                        "meta": {},
                        "tainted": false
                    },
                    "deposed": [],
                    "provider": ""
                },
                "aws_instance.web.0": {
                    "type": "aws_instance",
                    "depends_on": [
                        "aws_security_group.allow_all_inbound",
                        "aws_security_group.allow_all_outbound",
                        "aws_security_group.allow_all_web",
                        "aws_security_group.allow_ssh",
                        "aws_subnet.public"
                    ],
                    "primary": {
                        "id": "i-0f3d315dd2f1a665b",
                        "attributes": {
                            "ami": "ami-ec33cc96",
                            "associate_public_ip_address": "false",
                            "availability_zone": "us-east-1b",
                            "disable_api_termination": "false",
                            "ebs_block_device.#": "1",
                            "ebs_block_device.504524833.delete_on_termination": "true",
                            "ebs_block_device.504524833.device_name": "/dev/xvdcz",
                            "ebs_block_device.504524833.encrypted": "false",
                            "ebs_block_device.504524833.iops": "100",
                            "ebs_block_device.504524833.snapshot_id": "",
                            "ebs_block_device.504524833.volume_size": "22",
                            "ebs_block_device.504524833.volume_type": "gp2",
                            "ebs_optimized": "false",
                            "ephemeral_block_device.#": "0",
                            "iam_instance_profile": "",
                            "id": "i-0f3d315dd2f1a665b",
                            "instance_state": "running",
                            "instance_type": "t2.nano",
                            "ipv6_addresses.#": "0",
                            "key_name": "new_aws",
                            "monitoring": "false",
                            "network_interface.#": "0",
                            "network_interface_id": "eni-3d601db7",
                            "primary_network_interface_id": "eni-3d601db7",
                            "private_dns": "ip-10-0-0-179.ec2.internal",
                            "private_ip": "10.0.0.179",
                            "public_dns": "",
                            "public_ip": "",
                            "root_block_device.#": "1",
                            "root_block_device.0.delete_on_termination": "true",
                            "root_block_device.0.iops": "0",
                            "root_block_device.0.volume_size": "10",
                            "root_block_device.0.volume_type": "standard",
                            "security_groups.#": "0",
                            "source_dest_check": "true",
                            "subnet_id": "subnet-4156486d",
                            "tags.%": "4",
                            "tags.Name": "Hello World-1",
                            "tags.created-by": "adam.claypool@tempus.com",
                            "tags.environment": "straight to production",
                            "tags.project": "provide proof of ability to do cloudy type things",
                            "tenancy": "default",
                            "volume_tags.%": "4",
                            "volume_tags.Name": "Hello World-1",
                            "volume_tags.created-by": "adam.claypool@tempus.com",
                            "volume_tags.environment": "straight to production",
                            "volume_tags.project": "provide proof of ability to do cloudy type things",
                            "vpc_security_group_ids.#": "4",
                            "vpc_security_group_ids.1987085856": "sg-ad0ea8df",
                            "vpc_security_group_ids.2032317755": "sg-cb02a4b9",
                            "vpc_security_group_ids.3465768022": "sg-9305a3e1",
                            "vpc_security_group_ids.576691909": "sg-8e00a6fc"
                        },
                        "meta": {
                            "e2bfb730-ecaa-11e6-8f88-34363bc7c4c0": {
                                "create": 600000000000,
                                "delete": 600000000000,
                                "update": 600000000000
                            },
                            "schema_version": "1"
                        },
                        "tainted": false
                    },
                    "deposed": [],
                    "provider": ""
                },
                "aws_instance.web.1": {
                    "type": "aws_instance",
                    "depends_on": [
                        "aws_security_group.allow_all_inbound",
                        "aws_security_group.allow_all_outbound",
                        "aws_security_group.allow_all_web",
                        "aws_security_group.allow_ssh",
                        "aws_subnet.public"
                    ],
                    "primary": {
                        "id": "i-0896e6542c15cc5d0",
                        "attributes": {
                            "ami": "ami-ec33cc96",
                            "associate_public_ip_address": "false",
                            "availability_zone": "us-east-1b",
                            "disable_api_termination": "false",
                            "ebs_block_device.#": "1",
                            "ebs_block_device.504524833.delete_on_termination": "true",
                            "ebs_block_device.504524833.device_name": "/dev/xvdcz",
                            "ebs_block_device.504524833.encrypted": "false",
                            "ebs_block_device.504524833.iops": "100",
                            "ebs_block_device.504524833.snapshot_id": "",
                            "ebs_block_device.504524833.volume_size": "22",
                            "ebs_block_device.504524833.volume_type": "gp2",
                            "ebs_optimized": "false",
                            "ephemeral_block_device.#": "0",
                            "iam_instance_profile": "",
                            "id": "i-0896e6542c15cc5d0",
                            "instance_state": "running",
                            "instance_type": "t2.nano",
                            "ipv6_addresses.#": "0",
                            "key_name": "new_aws",
                            "monitoring": "false",
                            "network_interface.#": "0",
                            "network_interface_id": "eni-2d6914a7",
                            "primary_network_interface_id": "eni-2d6914a7",
                            "private_dns": "ip-10-0-0-73.ec2.internal",
                            "private_ip": "10.0.0.73",
                            "public_dns": "",
                            "public_ip": "",
                            "root_block_device.#": "1",
                            "root_block_device.0.delete_on_termination": "true",
                            "root_block_device.0.iops": "0",
                            "root_block_device.0.volume_size": "10",
                            "root_block_device.0.volume_type": "standard",
                            "security_groups.#": "0",
                            "source_dest_check": "true",
                            "subnet_id": "subnet-4156486d",
                            "tags.%": "4",
                            "tags.Name": "Hello World-2",
                            "tags.created-by": "adam.claypool@tempus.com",
                            "tags.environment": "straight to production",
                            "tags.project": "provide proof of ability to do cloudy type things",
                            "tenancy": "default",
                            "volume_tags.%": "4",
                            "volume_tags.Name": "Hello World-2",
                            "volume_tags.created-by": "adam.claypool@tempus.com",
                            "volume_tags.environment": "straight to production",
                            "volume_tags.project": "provide proof of ability to do cloudy type things",
                            "vpc_security_group_ids.#": "4",
                            "vpc_security_group_ids.1987085856": "sg-ad0ea8df",
                            "vpc_security_group_ids.2032317755": "sg-cb02a4b9",
                            "vpc_security_group_ids.3465768022": "sg-9305a3e1",
                            "vpc_security_group_ids.576691909": "sg-8e00a6fc"
                        },
                        "meta": {
                            "e2bfb730-ecaa-11e6-8f88-34363bc7c4c0": {
                                "create": 600000000000,
                                "delete": 600000000000,
                                "update": 600000000000
                            },
                            "schema_version": "1"
                        },
                        "tainted": false
                    },
                    "deposed": [],
                    "provider": ""
                },
                "aws_instance.web.2": {
                    "type": "aws_instance",
                    "depends_on": [
                        "aws_security_group.allow_all_inbound",
                        "aws_security_group.allow_all_outbound",
                        "aws_security_group.allow_all_web",
                        "aws_security_group.allow_ssh",
                        "aws_subnet.public"
                    ],
                    "primary": {
                        "id": "i-006f7ca6095f513a9",
                        "attributes": {
                            "ami": "ami-ec33cc96",
                            "associate_public_ip_address": "false",
                            "availability_zone": "us-east-1b",
                            "disable_api_termination": "false",
                            "ebs_block_device.#": "1",
                            "ebs_block_device.504524833.delete_on_termination": "true",
                            "ebs_block_device.504524833.device_name": "/dev/xvdcz",
                            "ebs_block_device.504524833.encrypted": "false",
                            "ebs_block_device.504524833.iops": "100",
                            "ebs_block_device.504524833.snapshot_id": "",
                            "ebs_block_device.504524833.volume_size": "22",
                            "ebs_block_device.504524833.volume_type": "gp2",
                            "ebs_optimized": "false",
                            "ephemeral_block_device.#": "0",
                            "iam_instance_profile": "",
                            "id": "i-006f7ca6095f513a9",
                            "instance_state": "running",
                            "instance_type": "t2.nano",
                            "ipv6_addresses.#": "0",
                            "key_name": "new_aws",
                            "monitoring": "false",
                            "network_interface.#": "0",
                            "network_interface_id": "eni-5b6518d1",
                            "primary_network_interface_id": "eni-5b6518d1",
                            "private_dns": "ip-10-0-0-252.ec2.internal",
                            "private_ip": "10.0.0.252",
                            "public_dns": "",
                            "public_ip": "",
                            "root_block_device.#": "1",
                            "root_block_device.0.delete_on_termination": "true",
                            "root_block_device.0.iops": "0",
                            "root_block_device.0.volume_size": "10",
                            "root_block_device.0.volume_type": "standard",
                            "security_groups.#": "0",
                            "source_dest_check": "true",
                            "subnet_id": "subnet-4156486d",
                            "tags.%": "4",
                            "tags.Name": "Hello World-3",
                            "tags.created-by": "adam.claypool@tempus.com",
                            "tags.environment": "straight to production",
                            "tags.project": "provide proof of ability to do cloudy type things",
                            "tenancy": "default",
                            "volume_tags.%": "4",
                            "volume_tags.Name": "Hello World-3",
                            "volume_tags.created-by": "adam.claypool@tempus.com",
                            "volume_tags.environment": "straight to production",
                            "volume_tags.project": "provide proof of ability to do cloudy type things",
                            "vpc_security_group_ids.#": "4",
                            "vpc_security_group_ids.1987085856": "sg-ad0ea8df",
                            "vpc_security_group_ids.2032317755": "sg-cb02a4b9",
                            "vpc_security_group_ids.3465768022": "sg-9305a3e1",
                            "vpc_security_group_ids.576691909": "sg-8e00a6fc"
                        },
                        "meta": {
                            "e2bfb730-ecaa-11e6-8f88-34363bc7c4c0": {
                                "create": 600000000000,
                                "delete": 600000000000,
                                "update": 600000000000
                            },
                            "schema_version": "1"
                        },
                        "tainted": false
                    },
                    "deposed": [],
                    "provider": ""
                },
                "aws_instance.web.3": {
                    "type": "aws_instance",
                    "depends_on": [
                        "aws_security_group.allow_all_inbound",
                        "aws_security_group.allow_all_outbound",
                        "aws_security_group.allow_all_web",
                        "aws_security_group.allow_ssh",
                        "aws_subnet.public"
                    ],
                    "primary": {
                        "id": "i-0b7e4f4d640fd06f9",
                        "attributes": {
                            "ami": "ami-ec33cc96",
                            "associate_public_ip_address": "false",
                            "availability_zone": "us-east-1b",
                            "disable_api_termination": "false",
                            "ebs_block_device.#": "1",
                            "ebs_block_device.504524833.delete_on_termination": "true",
                            "ebs_block_device.504524833.device_name": "/dev/xvdcz",
                            "ebs_block_device.504524833.encrypted": "false",
                            "ebs_block_device.504524833.iops": "100",
                            "ebs_block_device.504524833.snapshot_id": "",
                            "ebs_block_device.504524833.volume_size": "22",
                            "ebs_block_device.504524833.volume_type": "gp2",
                            "ebs_optimized": "false",
                            "ephemeral_block_device.#": "0",
                            "iam_instance_profile": "",
                            "id": "i-0b7e4f4d640fd06f9",
                            "instance_state": "running",
                            "instance_type": "t2.nano",
                            "ipv6_addresses.#": "0",
                            "key_name": "new_aws",
                            "monitoring": "false",
                            "network_interface.#": "0",
                            "network_interface_id": "eni-23661ba9",
                            "primary_network_interface_id": "eni-23661ba9",
                            "private_dns": "ip-10-0-0-244.ec2.internal",
                            "private_ip": "10.0.0.244",
                            "public_dns": "",
                            "public_ip": "",
                            "root_block_device.#": "1",
                            "root_block_device.0.delete_on_termination": "true",
                            "root_block_device.0.iops": "0",
                            "root_block_device.0.volume_size": "10",
                            "root_block_device.0.volume_type": "standard",
                            "security_groups.#": "0",
                            "source_dest_check": "true",
                            "subnet_id": "subnet-4156486d",
                            "tags.%": "4",
                            "tags.Name": "Hello World-4",
                            "tags.created-by": "adam.claypool@tempus.com",
                            "tags.environment": "straight to production",
                            "tags.project": "provide proof of ability to do cloudy type things",
                            "tenancy": "default",
                            "volume_tags.%": "4",
                            "volume_tags.Name": "Hello World-4",
                            "volume_tags.created-by": "adam.claypool@tempus.com",
                            "volume_tags.environment": "straight to production",
                            "volume_tags.project": "provide proof of ability to do cloudy type things",
                            "vpc_security_group_ids.#": "4",
                            "vpc_security_group_ids.1987085856": "sg-ad0ea8df",
                            "vpc_security_group_ids.2032317755": "sg-cb02a4b9",
                            "vpc_security_group_ids.3465768022": "sg-9305a3e1",
                            "vpc_security_group_ids.576691909": "sg-8e00a6fc"
                        },
                        "meta": {
                            "e2bfb730-ecaa-11e6-8f88-34363bc7c4c0": {
                                "create": 600000000000,
                                "delete": 600000000000,
                                "update": 600000000000
                            },
                            "schema_version": "1"
                        },
                        "tainted": false
                    },
                    "deposed": [],
                    "provider": ""
                },
                "aws_instance.web.4": {
                    "type": "aws_instance",
                    "depends_on": [
                        "aws_security_group.allow_all_inbound",
                        "aws_security_group.allow_all_outbound",
                        "aws_security_group.allow_all_web",
                        "aws_security_group.allow_ssh",
                        "aws_subnet.public"
                    ],
                    "primary": {
                        "id": "i-0a964aedced047b44",
                        "attributes": {
                            "ami": "ami-ec33cc96",
                            "associate_public_ip_address": "false",
                            "availability_zone": "us-east-1b",
                            "disable_api_termination": "false",
                            "ebs_block_device.#": "1",
                            "ebs_block_device.504524833.delete_on_termination": "true",
                            "ebs_block_device.504524833.device_name": "/dev/xvdcz",
                            "ebs_block_device.504524833.encrypted": "false",
                            "ebs_block_device.504524833.iops": "100",
                            "ebs_block_device.504524833.snapshot_id": "",
                            "ebs_block_device.504524833.volume_size": "22",
                            "ebs_block_device.504524833.volume_type": "gp2",
                            "ebs_optimized": "false",
                            "ephemeral_block_device.#": "0",
                            "iam_instance_profile": "",
                            "id": "i-0a964aedced047b44",
                            "instance_state": "running",
                            "instance_type": "t2.nano",
                            "ipv6_addresses.#": "0",
                            "key_name": "new_aws",
                            "monitoring": "false",
                            "network_interface.#": "0",
                            "network_interface_id": "eni-786914f2",
                            "primary_network_interface_id": "eni-786914f2",
                            "private_dns": "ip-10-0-0-217.ec2.internal",
                            "private_ip": "10.0.0.217",
                            "public_dns": "",
                            "public_ip": "",
                            "root_block_device.#": "1",
                            "root_block_device.0.delete_on_termination": "true",
                            "root_block_device.0.iops": "0",
                            "root_block_device.0.volume_size": "10",
                            "root_block_device.0.volume_type": "standard",
                            "security_groups.#": "0",
                            "source_dest_check": "true",
                            "subnet_id": "subnet-4156486d",
                            "tags.%": "4",
                            "tags.Name": "Hello World-5",
                            "tags.created-by": "adam.claypool@tempus.com",
                            "tags.environment": "straight to production",
                            "tags.project": "provide proof of ability to do cloudy type things",
                            "tenancy": "default",
                            "volume_tags.%": "4",
                            "volume_tags.Name": "Hello World-5",
                            "volume_tags.created-by": "adam.claypool@tempus.com",
                            "volume_tags.environment": "straight to production",
                            "volume_tags.project": "provide proof of ability to do cloudy type things",
                            "vpc_security_group_ids.#": "4",
                            "vpc_security_group_ids.1987085856": "sg-ad0ea8df",
                            "vpc_security_group_ids.2032317755": "sg-cb02a4b9",
                            "vpc_security_group_ids.3465768022": "sg-9305a3e1",
                            "vpc_security_group_ids.576691909": "sg-8e00a6fc"
                        },
                        "meta": {
                            "e2bfb730-ecaa-11e6-8f88-34363bc7c4c0": {
                                "create": 600000000000,
                                "delete": 600000000000,
                                "update": 600000000000
                            },
                            "schema_version": "1"
                        },
                        "tainted": false
                    },
                    "deposed": [],
                    "provider": ""
                },
                "aws_internet_gateway.gw": {
                    "type": "aws_internet_gateway",
                    "depends_on": [
                        "aws_vpc.main"
                    ],
                    "primary": {
                        "id": "igw-d51bc4ac",
                        "attributes": {
                            "id": "igw-d51bc4ac",
                            "tags.%": "4",
                            "tags.Name": "Internet Gateway",
                            "tags.created-by": "adam.claypool@tempus.com",
                            "tags.environment": "straight to production",
                            "tags.project": "provide proof of ability to do cloudy type things",
                            "vpc_id": "vpc-51e02e29"
                        },
                        "meta": {},
                        "tainted": false
                    },
                    "deposed": [],
                    "provider": ""
                },
                "aws_nat_gateway.gw": {
                    "type": "aws_nat_gateway",
                    "depends_on": [
                        "aws_eip.nat",
                        "aws_subnet.public"
                    ],
                    "primary": {
                        "id": "nat-0439107432d6fe2f8",
                        "attributes": {
                            "allocation_id": "eipalloc-cd2a97f8",
                            "id": "nat-0439107432d6fe2f8",
                            "network_interface_id": "eni-e1611c6b",
                            "private_ip": "10.0.0.198",
                            "public_ip": "54.156.240.68",
                            "subnet_id": "subnet-4156486d",
                            "tags.%": "4",
                            "tags.Name": "NAT Gateway",
                            "tags.created-by": "adam.claypool@tempus.com",
                            "tags.environment": "straight to production",
                            "tags.project": "provide proof of ability to do cloudy type things"
                        },
                        "meta": {},
                        "tainted": false
                    },
                    "deposed": [],
                    "provider": ""
                },
                "aws_route_table.private": {
                    "type": "aws_route_table",
                    "depends_on": [
                        "aws_nat_gateway.gw",
                        "aws_vpc.main"
                    ],
                    "primary": {
                        "id": "rtb-c543fcbf",
                        "attributes": {
                            "id": "rtb-c543fcbf",
                            "propagating_vgws.#": "0",
                            "route.#": "1",
                            "route.959264584.cidr_block": "0.0.0.0/0",
                            "route.959264584.egress_only_gateway_id": "",
                            "route.959264584.gateway_id": "",
                            "route.959264584.instance_id": "",
                            "route.959264584.ipv6_cidr_block": "",
                            "route.959264584.nat_gateway_id": "nat-0439107432d6fe2f8",
                            "route.959264584.network_interface_id": "",
                            "route.959264584.vpc_peering_connection_id": "",
                            "tags.%": "4",
                            "tags.Name": "Private Route Table",
                            "tags.created-by": "adam.claypool@tempus.com",
                            "tags.environment": "straight to production",
                            "tags.project": "provide proof of ability to do cloudy type things",
                            "vpc_id": "vpc-51e02e29"
                        },
                        "meta": {},
                        "tainted": false
                    },
                    "deposed": [],
                    "provider": ""
                },
                "aws_route_table.public": {
                    "type": "aws_route_table",
                    "depends_on": [
                        "aws_internet_gateway.gw",
                        "aws_vpc.main"
                    ],
                    "primary": {
                        "id": "rtb-803c83fa",
                        "attributes": {
                            "id": "rtb-803c83fa",
                            "propagating_vgws.#": "0",
                            "route.#": "1",
                            "route.2098263974.cidr_block": "0.0.0.0/0",
                            "route.2098263974.egress_only_gateway_id": "",
                            "route.2098263974.gateway_id": "igw-d51bc4ac",
                            "route.2098263974.instance_id": "",
                            "route.2098263974.ipv6_cidr_block": "",
                            "route.2098263974.nat_gateway_id": "",
                            "route.2098263974.network_interface_id": "",
                            "route.2098263974.vpc_peering_connection_id": "",
                            "tags.%": "4",
                            "tags.Name": "Public Route Table",
                            "tags.created-by": "adam.claypool@tempus.com",
                            "tags.environment": "straight to production",
                            "tags.project": "provide proof of ability to do cloudy type things",
                            "vpc_id": "vpc-51e02e29"
                        },
                        "meta": {},
                        "tainted": false
                    },
                    "deposed": [],
                    "provider": ""
                },
                "aws_route_table_association.private": {
                    "type": "aws_route_table_association",
                    "depends_on": [
                        "aws_route_table.private",
                        "aws_subnet.private"
                    ],
                    "primary": {
                        "id": "rtbassoc-5734cc2a",
                        "attributes": {
                            "id": "rtbassoc-5734cc2a",
                            "route_table_id": "rtb-c543fcbf",
                            "subnet_id": "subnet-8ddd02b2"
                        },
                        "meta": {},
                        "tainted": false
                    },
                    "deposed": [],
                    "provider": ""
                },
                "aws_route_table_association.public": {
                    "type": "aws_route_table_association",
                    "depends_on": [
                        "aws_route_table.public",
                        "aws_subnet.public"
                    ],
                    "primary": {
                        "id": "rtbassoc-612ed61c",
                        "attributes": {
                            "id": "rtbassoc-612ed61c",
                            "route_table_id": "rtb-803c83fa",
                            "subnet_id": "subnet-4156486d"
                        },
                        "meta": {},
                        "tainted": false
                    },
                    "deposed": [],
                    "provider": ""
                },
                "aws_security_group.allow_all_inbound": {
                    "type": "aws_security_group",
                    "depends_on": [
                        "aws_vpc.main"
                    ],
                    "primary": {
                        "id": "sg-9305a3e1",
                        "attributes": {
                            "description": "Allow all inbound traffic from VPC",
                            "egress.#": "0",
                            "id": "sg-9305a3e1",
                            "ingress.#": "1",
                            "ingress.1960698028.cidr_blocks.#": "1",
                            "ingress.1960698028.cidr_blocks.0": "10.0.0.0/16",
                            "ingress.1960698028.from_port": "0",
                            "ingress.1960698028.ipv6_cidr_blocks.#": "0",
                            "ingress.1960698028.protocol": "-1",
                            "ingress.1960698028.security_groups.#": "0",
                            "ingress.1960698028.self": "false",
                            "ingress.1960698028.to_port": "0",
                            "name": "vpc-51e02e29-20171015022920113800000002",
                            "name_prefix": "vpc-51e02e29-",
                            "owner_id": "465770882877",
                            "tags.%": "4",
                            "tags.Name": "Allow All VPC Inbound",
                            "tags.created-by": "adam.claypool@tempus.com",
                            "tags.environment": "straight to production",
                            "tags.project": "provide proof of ability to do cloudy type things",
                            "vpc_id": "vpc-51e02e29"
                        },
                        "meta": {},
                        "tainted": false
                    },
                    "deposed": [],
                    "provider": ""
                },
                "aws_security_group.allow_all_outbound": {
                    "type": "aws_security_group",
                    "depends_on": [
                        "aws_vpc.main"
                    ],
                    "primary": {
                        "id": "sg-ad0ea8df",
                        "attributes": {
                            "description": "Allow all outbound traffic",
                            "egress.#": "1",
                            "egress.482069346.cidr_blocks.#": "1",
                            "egress.482069346.cidr_blocks.0": "0.0.0.0/0",
                            "egress.482069346.from_port": "0",
                            "egress.482069346.ipv6_cidr_blocks.#": "0",
                            "egress.482069346.prefix_list_ids.#": "0",
                            "egress.482069346.protocol": "-1",
                            "egress.482069346.security_groups.#": "0",
                            "egress.482069346.self": "false",
                            "egress.482069346.to_port": "0",
                            "id": "sg-ad0ea8df",
                            "ingress.#": "0",
                            "name": "vpc-51e02e29-20171015022920113900000003",
                            "name_prefix": "vpc-51e02e29-",
                            "owner_id": "465770882877",
                            "tags.%": "4",
                            "tags.Name": "Allow All Outbound",
                            "tags.created-by": "adam.claypool@tempus.com",
                            "tags.environment": "straight to production",
                            "tags.project": "provide proof of ability to do cloudy type things",
                            "vpc_id": "vpc-51e02e29"
                        },
                        "meta": {},
                        "tainted": false
                    },
                    "deposed": [],
                    "provider": ""
                },
                "aws_security_group.allow_all_web": {
                    "type": "aws_security_group",
                    "depends_on": [
                        "aws_vpc.main"
                    ],
                    "primary": {
                        "id": "sg-cb02a4b9",
                        "attributes": {
                            "description": "Allow inbound web traffic",
                            "egress.#": "0",
                            "id": "sg-cb02a4b9",
                            "ingress.#": "2",
                            "ingress.2214680975.cidr_blocks.#": "1",
                            "ingress.2214680975.cidr_blocks.0": "0.0.0.0/0",
                            "ingress.2214680975.from_port": "80",
                            "ingress.2214680975.ipv6_cidr_blocks.#": "0",
                            "ingress.2214680975.protocol": "tcp",
                            "ingress.2214680975.security_groups.#": "0",
                            "ingress.2214680975.self": "false",
                            "ingress.2214680975.to_port": "80",
                            "ingress.2617001939.cidr_blocks.#": "1",
                            "ingress.2617001939.cidr_blocks.0": "0.0.0.0/0",
                            "ingress.2617001939.from_port": "443",
                            "ingress.2617001939.ipv6_cidr_blocks.#": "0",
                            "ingress.2617001939.protocol": "tcp",
                            "ingress.2617001939.security_groups.#": "0",
                            "ingress.2617001939.self": "false",
                            "ingress.2617001939.to_port": "443",
                            "name": "vpc-51e02e29-20171015022920114400000004",
                            "name_prefix": "vpc-51e02e29-",
                            "owner_id": "465770882877",
                            "tags.%": "4",
                            "tags.Name": "Allow All Web",
                            "tags.created-by": "adam.claypool@tempus.com",
                            "tags.environment": "straight to production",
                            "tags.project": "provide proof of ability to do cloudy type things",
                            "vpc_id": "vpc-51e02e29"
                        },
                        "meta": {},
                        "tainted": false
                    },
                    "deposed": [],
                    "provider": ""
                },
                "aws_security_group.allow_ssh": {
                    "type": "aws_security_group",
                    "depends_on": [
                        "aws_vpc.main"
                    ],
                    "primary": {
                        "id": "sg-8e00a6fc",
                        "attributes": {
                            "description": "Allow inbound SSH traffic",
                            "egress.#": "0",
                            "id": "sg-8e00a6fc",
                            "ingress.#": "1",
                            "ingress.2226030211.cidr_blocks.#": "1",
                            "ingress.2226030211.cidr_blocks.0": "71.57.40.7/32",
                            "ingress.2226030211.from_port": "22",
                            "ingress.2226030211.ipv6_cidr_blocks.#": "0",
                            "ingress.2226030211.protocol": "tcp",
                            "ingress.2226030211.security_groups.#": "0",
                            "ingress.2226030211.self": "false",
                            "ingress.2226030211.to_port": "22",
                            "name": "vpc-51e02e29-20171015022920113300000001",
                            "name_prefix": "vpc-51e02e29-",
                            "owner_id": "465770882877",
                            "tags.%": "4",
                            "tags.Name": "Allow Specific SSH",
                            "tags.created-by": "adam.claypool@tempus.com",
                            "tags.environment": "straight to production",
                            "tags.project": "provide proof of ability to do cloudy type things",
                            "vpc_id": "vpc-51e02e29"
                        },
                        "meta": {},
                        "tainted": false
                    },
                    "deposed": [],
                    "provider": ""
                },
                "aws_subnet.private": {
                    "type": "aws_subnet",
                    "depends_on": [
                        "aws_vpc.main"
                    ],
                    "primary": {
                        "id": "subnet-8ddd02b2",
                        "attributes": {
                            "assign_ipv6_address_on_creation": "false",
                            "availability_zone": "us-east-1e",
                            "cidr_block": "10.0.1.0/24",
                            "id": "subnet-8ddd02b2",
                            "map_public_ip_on_launch": "false",
                            "tags.%": "4",
                            "tags.Name": "Private Subnet",
                            "tags.created-by": "adam.claypool@tempus.com",
                            "tags.environment": "straight to production",
                            "tags.project": "provide proof of ability to do cloudy type things",
                            "vpc_id": "vpc-51e02e29"
                        },
                        "meta": {
                            "schema_version": "1"
                        },
                        "tainted": false
                    },
                    "deposed": [],
                    "provider": ""
                },
                "aws_subnet.public": {
                    "type": "aws_subnet",
                    "depends_on": [
                        "aws_vpc.main"
                    ],
                    "primary": {
                        "id": "subnet-4156486d",
                        "attributes": {
                            "assign_ipv6_address_on_creation": "false",
                            "availability_zone": "us-east-1b",
                            "cidr_block": "10.0.0.0/24",
                            "id": "subnet-4156486d",
                            "map_public_ip_on_launch": "false",
                            "tags.%": "4",
                            "tags.Name": "Public Subnet",
                            "tags.created-by": "adam.claypool@tempus.com",
                            "tags.environment": "straight to production",
                            "tags.project": "provide proof of ability to do cloudy type things",
                            "vpc_id": "vpc-51e02e29"
                        },
                        "meta": {
                            "schema_version": "1"
                        },
                        "tainted": false
                    },
                    "deposed": [],
                    "provider": ""
                },
                "aws_vpc.main": {
                    "type": "aws_vpc",
                    "depends_on": [],
                    "primary": {
                        "id": "vpc-51e02e29",
                        "attributes": {
                            "assign_generated_ipv6_cidr_block": "false",
                            "cidr_block": "10.0.0.0/16",
                            "default_network_acl_id": "acl-a10d4dd9",
                            "default_route_table_id": "rtb-1f40ff65",
                            "default_security_group_id": "sg-cd04a2bf",
                            "dhcp_options_id": "dopt-3da36758",
                            "enable_classiclink": "false",
                            "enable_classiclink_dns_support": "false",
                            "enable_dns_hostnames": "false",
                            "enable_dns_support": "true",
                            "id": "vpc-51e02e29",
                            "instance_tenancy": "default",
                            "main_route_table_id": "rtb-1f40ff65",
                            "tags.%": "4",
                            "tags.Name": "Main VPC",
                            "tags.created-by": "adam.claypool@tempus.com",
                            "tags.environment": "straight to production",
                            "tags.project": "provide proof of ability to do cloudy type things"
                        },
                        "meta": {
                            "schema_version": "1"
                        },
                        "tainted": false
                    },
                    "deposed": [],
                    "provider": ""
                },
                "null_resource.bootstrap.0": {
                    "type": "null_resource",
                    "depends_on": [
                        "aws_eip.inst.*"
                    ],
                    "primary": {
                        "id": "1015799721260500514",
                        "attributes": {
                            "id": "1015799721260500514",
                            "triggers.%": "1",
                            "triggers.instance_ids": "34.226.65.12,34.236.140.158,34.204.23.255,34.192.13.200,34.237.74.154"
                        },
                        "meta": {},
                        "tainted": false
                    },
                    "deposed": [],
                    "provider": ""
                },
                "null_resource.bootstrap.1": {
                    "type": "null_resource",
                    "depends_on": [
                        "aws_eip.inst.*"
                    ],
                    "primary": {
                        "id": "7765870009757027519",
                        "attributes": {
                            "id": "7765870009757027519",
                            "triggers.%": "1",
                            "triggers.instance_ids": "34.226.65.12,34.236.140.158,34.204.23.255,34.192.13.200,34.237.74.154"
                        },
                        "meta": {},
                        "tainted": false
                    },
                    "deposed": [],
                    "provider": ""
                },
                "null_resource.bootstrap.2": {
                    "type": "null_resource",
                    "depends_on": [
                        "aws_eip.inst.*"
                    ],
                    "primary": {
                        "id": "2309827398345516129",
                        "attributes": {
                            "id": "2309827398345516129",
                            "triggers.%": "1",
                            "triggers.instance_ids": "34.226.65.12,34.236.140.158,34.204.23.255,34.192.13.200,34.237.74.154"
                        },
                        "meta": {},
                        "tainted": false
                    },
                    "deposed": [],
                    "provider": ""
                },
                "null_resource.bootstrap.3": {
                    "type": "null_resource",
                    "depends_on": [
                        "aws_eip.inst.*"
                    ],
                    "primary": {
                        "id": "4394691778394381429",
                        "attributes": {
                            "id": "4394691778394381429",
                            "triggers.%": "1",
                            "triggers.instance_ids": "34.226.65.12,34.236.140.158,34.204.23.255,34.192.13.200,34.237.74.154"
                        },
                        "meta": {},
                        "tainted": false
                    },
                    "deposed": [],
                    "provider": ""
                },
                "null_resource.bootstrap.4": {
                    "type": "null_resource",
                    "depends_on": [
                        "aws_eip.inst.*"
                    ],
                    "primary": {
                        "id": "3978515446613602479",
                        "attributes": {
                            "id": "3978515446613602479",
                            "triggers.%": "1",
                            "triggers.instance_ids": "34.226.65.12,34.236.140.158,34.204.23.255,34.192.13.200,34.237.74.154"
                        },
                        "meta": {},
                        "tainted": false
                    },
                    "deposed": [],
                    "provider": ""
                }
            },
            "depends_on": []
        }
    ]
}
