{
    "version": 3,
    "terraform_version": "0.10.7",
    "serial": 64,
    "lineage": "729bd012-9cd5-43e2-9406-a3db5e1b352a",
    "modules": [
        {
            "path": [
                "root"
            ],
            "outputs": {
                "instance_ids": {
                    "sensitive": false,
                    "type": "list",
                    "value": [
                        "i-000266f45152a0954"
                    ]
                },
                "instance_ips": {
                    "sensitive": false,
                    "type": "list",
                    "value": [
                        "34.231.43.179"
                    ]
                }
            },
            "resources": {
                "aws_eip.inst": {
                    "type": "aws_eip",
                    "depends_on": [
                        "aws_instance.web.*"
                    ],
                    "primary": {
                        "id": "eipalloc-9a0e80af",
                        "attributes": {
                            "association_id": "eipassoc-777f0e40",
                            "domain": "vpc",
                            "id": "eipalloc-9a0e80af",
                            "instance": "i-000266f45152a0954",
                            "network_interface": "eni-b29bd7b1",
                            "private_ip": "10.0.0.211",
                            "public_ip": "34.231.43.179",
                            "vpc": "true"
                        },
                        "meta": {},
                        "tainted": false
                    },
                    "deposed": [],
                    "provider": ""
                },
                "aws_eip.nat": {
                    "type": "aws_eip",
                    "depends_on": [],
                    "primary": {
                        "id": "eipalloc-c50b85f0",
                        "attributes": {
                            "association_id": "",
                            "domain": "vpc",
                            "id": "eipalloc-c50b85f0",
                            "instance": "",
                            "network_interface": "",
                            "private_ip": "",
                            "public_ip": "34.199.145.191",
                            "vpc": "true"
                        },
                        "meta": {},
                        "tainted": false
                    },
                    "deposed": [],
                    "provider": ""
                },
                "aws_instance.web": {
                    "type": "aws_instance",
                    "depends_on": [
                        "aws_security_group.allow_all_outbound",
                        "aws_security_group.allow_all_web",
                        "aws_security_group.allow_ssh",
                        "aws_subnet.public"
                    ],
                    "primary": {
                        "id": "i-000266f45152a0954",
                        "attributes": {
                            "ami": "ami-ec33cc96",
                            "associate_public_ip_address": "false",
                            "availability_zone": "us-east-1e",
                            "disable_api_termination": "false",
                            "ebs_block_device.#": "1",
                            "ebs_block_device.504524833.delete_on_termination": "true",
                            "ebs_block_device.504524833.device_name": "/dev/xvdcz",
                            "ebs_block_device.504524833.encrypted": "false",
                            "ebs_block_device.504524833.iops": "100",
                            "ebs_block_device.504524833.snapshot_id": "",
                            "ebs_block_device.504524833.volume_size": "22",
                            "ebs_block_device.504524833.volume_type": "gp2",
                            "ebs_optimized": "false",
                            "ephemeral_block_device.#": "0",
                            "iam_instance_profile": "",
                            "id": "i-000266f45152a0954",
                            "instance_state": "running",
                            "instance_type": "t2.nano",
                            "ipv6_addresses.#": "0",
                            "key_name": "new_aws",
                            "monitoring": "false",
                            "network_interface.#": "0",
                            "network_interface_id": "eni-b29bd7b1",
                            "primary_network_interface_id": "eni-b29bd7b1",
                            "private_dns": "ip-10-0-0-211.ec2.internal",
                            "private_ip": "10.0.0.211",
                            "public_dns": "",
                            "public_ip": "",
                            "root_block_device.#": "1",
                            "root_block_device.0.delete_on_termination": "true",
                            "root_block_device.0.iops": "0",
                            "root_block_device.0.volume_size": "10",
                            "root_block_device.0.volume_type": "standard",
                            "security_groups.#": "0",
                            "source_dest_check": "true",
                            "subnet_id": "subnet-cd7ba3f2",
                            "tags.%": "4",
                            "tags.Name": "New-Hello World-1",
                            "tags.created-by": "adam.claypool@tempus.com",
                            "tags.environment": "straight to production",
                            "tags.project": "provide proof of ability to do cloudy type things",
                            "tenancy": "default",
                            "volume_tags.%": "4",
                            "volume_tags.Name": "NewHello World-1",
                            "volume_tags.created-by": "adam.claypool@tempus.com",
                            "volume_tags.environment": "straight to production",
                            "volume_tags.project": "provide proof of ability to do cloudy type things",
                            "vpc_security_group_ids.#": "3",
                            "vpc_security_group_ids.1371666400": "sg-dfbf33ad",
                            "vpc_security_group_ids.2411511405": "sg-a7b539d5",
                            "vpc_security_group_ids.2879654143": "sg-7fb8340d"
                        },
                        "meta": {
                            "e2bfb730-ecaa-11e6-8f88-34363bc7c4c0": {
                                "create": 600000000000,
                                "delete": 600000000000,
                                "update": 600000000000
                            },
                            "schema_version": "1"
                        },
                        "tainted": false
                    },
                    "deposed": [],
                    "provider": ""
                },
                "aws_internet_gateway.gw": {
                    "type": "aws_internet_gateway",
                    "depends_on": [
                        "aws_vpc.main"
                    ],
                    "primary": {
                        "id": "igw-b965c1c0",
                        "attributes": {
                            "id": "igw-b965c1c0",
                            "tags.%": "4",
                            "tags.Name": "New Internet Gateway",
                            "tags.created-by": "adam.claypool@tempus.com",
                            "tags.environment": "straight to production",
                            "tags.project": "provide proof of ability to do cloudy type things",
                            "vpc_id": "vpc-e4cb1d9c"
                        },
                        "meta": {},
                        "tainted": false
                    },
                    "deposed": [],
                    "provider": ""
                },
                "aws_nat_gateway.gw": {
                    "type": "aws_nat_gateway",
                    "depends_on": [
                        "aws_eip.nat",
                        "aws_subnet.public"
                    ],
                    "primary": {
                        "id": "nat-0979b0d77d4c83142",
                        "attributes": {
                            "allocation_id": "eipalloc-c50b85f0",
                            "id": "nat-0979b0d77d4c83142",
                            "network_interface_id": "eni-759ad676",
                            "private_ip": "10.0.0.80",
                            "public_ip": "34.199.145.191",
                            "subnet_id": "subnet-cd7ba3f2",
                            "tags.%": "4",
                            "tags.Name": "New NAT Gateway",
                            "tags.created-by": "adam.claypool@tempus.com",
                            "tags.environment": "straight to production",
                            "tags.project": "provide proof of ability to do cloudy type things"
                        },
                        "meta": {},
                        "tainted": false
                    },
                    "deposed": [],
                    "provider": ""
                },
                "aws_route_table.private": {
                    "type": "aws_route_table",
                    "depends_on": [
                        "aws_nat_gateway.gw",
                        "aws_vpc.main"
                    ],
                    "primary": {
                        "id": "rtb-3e7bed44",
                        "attributes": {
                            "id": "rtb-3e7bed44",
                            "propagating_vgws.#": "0",
                            "route.#": "1",
                            "route.3138392862.cidr_block": "0.0.0.0/0",
                            "route.3138392862.egress_only_gateway_id": "",
                            "route.3138392862.gateway_id": "",
                            "route.3138392862.instance_id": "",
                            "route.3138392862.ipv6_cidr_block": "",
                            "route.3138392862.nat_gateway_id": "nat-0979b0d77d4c83142",
                            "route.3138392862.network_interface_id": "",
                            "route.3138392862.vpc_peering_connection_id": "",
                            "tags.%": "4",
                            "tags.Name": "New Private Route Table",
                            "tags.created-by": "adam.claypool@tempus.com",
                            "tags.environment": "straight to production",
                            "tags.project": "provide proof of ability to do cloudy type things",
                            "vpc_id": "vpc-e4cb1d9c"
                        },
                        "meta": {},
                        "tainted": false
                    },
                    "deposed": [],
                    "provider": ""
                },
                "aws_route_table.public": {
                    "type": "aws_route_table",
                    "depends_on": [
                        "aws_internet_gateway.gw",
                        "aws_vpc.main"
                    ],
                    "primary": {
                        "id": "rtb-7371e709",
                        "attributes": {
                            "id": "rtb-7371e709",
                            "propagating_vgws.#": "0",
                            "route.#": "1",
                            "route.553293275.cidr_block": "0.0.0.0/0",
                            "route.553293275.egress_only_gateway_id": "",
                            "route.553293275.gateway_id": "igw-b965c1c0",
                            "route.553293275.instance_id": "",
                            "route.553293275.ipv6_cidr_block": "",
                            "route.553293275.nat_gateway_id": "",
                            "route.553293275.network_interface_id": "",
                            "route.553293275.vpc_peering_connection_id": "",
                            "tags.%": "4",
                            "tags.Name": "New Public Route Table",
                            "tags.created-by": "adam.claypool@tempus.com",
                            "tags.environment": "straight to production",
                            "tags.project": "provide proof of ability to do cloudy type things",
                            "vpc_id": "vpc-e4cb1d9c"
                        },
                        "meta": {},
                        "tainted": false
                    },
                    "deposed": [],
                    "provider": ""
                },
                "aws_route_table_association.private": {
                    "type": "aws_route_table_association",
                    "depends_on": [
                        "aws_route_table.private",
                        "aws_subnet.private"
                    ],
                    "primary": {
                        "id": "rtbassoc-3fb37f42",
                        "attributes": {
                            "id": "rtbassoc-3fb37f42",
                            "route_table_id": "rtb-3e7bed44",
                            "subnet_id": "subnet-d94199e6"
                        },
                        "meta": {},
                        "tainted": false
                    },
                    "deposed": [],
                    "provider": ""
                },
                "aws_route_table_association.public": {
                    "type": "aws_route_table_association",
                    "depends_on": [
                        "aws_route_table.public",
                        "aws_subnet.public"
                    ],
                    "primary": {
                        "id": "rtbassoc-e6b07c9b",
                        "attributes": {
                            "id": "rtbassoc-e6b07c9b",
                            "route_table_id": "rtb-7371e709",
                            "subnet_id": "subnet-cd7ba3f2"
                        },
                        "meta": {},
                        "tainted": false
                    },
                    "deposed": [],
                    "provider": ""
                },
                "aws_security_group.allow_all_outbound": {
                    "type": "aws_security_group",
                    "depends_on": [
                        "aws_vpc.main"
                    ],
                    "primary": {
                        "id": "sg-7fb8340d",
                        "attributes": {
                            "description": "Allow all outbound traffic",
                            "egress.#": "1",
                            "egress.482069346.cidr_blocks.#": "1",
                            "egress.482069346.cidr_blocks.0": "0.0.0.0/0",
                            "egress.482069346.from_port": "0",
                            "egress.482069346.ipv6_cidr_blocks.#": "0",
                            "egress.482069346.prefix_list_ids.#": "0",
                            "egress.482069346.protocol": "-1",
                            "egress.482069346.security_groups.#": "0",
                            "egress.482069346.self": "false",
                            "egress.482069346.to_port": "0",
                            "id": "sg-7fb8340d",
                            "ingress.#": "0",
                            "name": "vpc-e4cb1d9c-20171019045529746400000002",
                            "name_prefix": "vpc-e4cb1d9c-",
                            "owner_id": "465770882877",
                            "tags.%": "4",
                            "tags.Name": "New Allow All Outbound",
                            "tags.created-by": "adam.claypool@tempus.com",
                            "tags.environment": "straight to production",
                            "tags.project": "provide proof of ability to do cloudy type things",
                            "vpc_id": "vpc-e4cb1d9c"
                        },
                        "meta": {},
                        "tainted": false
                    },
                    "deposed": [],
                    "provider": ""
                },
                "aws_security_group.allow_all_web": {
                    "type": "aws_security_group",
                    "depends_on": [
                        "aws_vpc.main"
                    ],
                    "primary": {
                        "id": "sg-dfbf33ad",
                        "attributes": {
                            "description": "Allow inbound web traffic",
                            "egress.#": "0",
                            "id": "sg-dfbf33ad",
                            "ingress.#": "2",
                            "ingress.2214680975.cidr_blocks.#": "1",
                            "ingress.2214680975.cidr_blocks.0": "0.0.0.0/0",
                            "ingress.2214680975.from_port": "80",
                            "ingress.2214680975.ipv6_cidr_blocks.#": "0",
                            "ingress.2214680975.protocol": "tcp",
                            "ingress.2214680975.security_groups.#": "0",
                            "ingress.2214680975.self": "false",
                            "ingress.2214680975.to_port": "80",
                            "ingress.2617001939.cidr_blocks.#": "1",
                            "ingress.2617001939.cidr_blocks.0": "0.0.0.0/0",
                            "ingress.2617001939.from_port": "443",
                            "ingress.2617001939.ipv6_cidr_blocks.#": "0",
                            "ingress.2617001939.protocol": "tcp",
                            "ingress.2617001939.security_groups.#": "0",
                            "ingress.2617001939.self": "false",
                            "ingress.2617001939.to_port": "443",
                            "name": "vpc-e4cb1d9c-20171019045529747100000003",
                            "name_prefix": "vpc-e4cb1d9c-",
                            "owner_id": "465770882877",
                            "tags.%": "4",
                            "tags.Name": "New Allow All Web",
                            "tags.created-by": "adam.claypool@tempus.com",
                            "tags.environment": "straight to production",
                            "tags.project": "provide proof of ability to do cloudy type things",
                            "vpc_id": "vpc-e4cb1d9c"
                        },
                        "meta": {},
                        "tainted": false
                    },
                    "deposed": [],
                    "provider": ""
                },
                "aws_security_group.allow_ssh": {
                    "type": "aws_security_group",
                    "depends_on": [
                        "aws_vpc.main"
                    ],
                    "primary": {
                        "id": "sg-a7b539d5",
                        "attributes": {
                            "description": "Allow inbound SSH traffic",
                            "egress.#": "0",
                            "id": "sg-a7b539d5",
                            "ingress.#": "1",
                            "ingress.2226030211.cidr_blocks.#": "1",
                            "ingress.2226030211.cidr_blocks.0": "71.57.40.7/32",
                            "ingress.2226030211.from_port": "22",
                            "ingress.2226030211.ipv6_cidr_blocks.#": "0",
                            "ingress.2226030211.protocol": "tcp",
                            "ingress.2226030211.security_groups.#": "0",
                            "ingress.2226030211.self": "false",
                            "ingress.2226030211.to_port": "22",
                            "name": "vpc-e4cb1d9c-20171019045529746100000001",
                            "name_prefix": "vpc-e4cb1d9c-",
                            "owner_id": "465770882877",
                            "tags.%": "4",
                            "tags.Name": "New Allow Specific SSH",
                            "tags.created-by": "adam.claypool@tempus.com",
                            "tags.environment": "straight to production",
                            "tags.project": "provide proof of ability to do cloudy type things",
                            "vpc_id": "vpc-e4cb1d9c"
                        },
                        "meta": {},
                        "tainted": false
                    },
                    "deposed": [],
                    "provider": ""
                },
                "aws_subnet.private": {
                    "type": "aws_subnet",
                    "depends_on": [
                        "aws_vpc.main"
                    ],
                    "primary": {
                        "id": "subnet-d94199e6",
                        "attributes": {
                            "assign_ipv6_address_on_creation": "false",
                            "availability_zone": "us-east-1e",
                            "cidr_block": "10.0.1.0/24",
                            "id": "subnet-d94199e6",
                            "map_public_ip_on_launch": "false",
                            "tags.%": "4",
                            "tags.Name": "New Private Subnet",
                            "tags.created-by": "adam.claypool@tempus.com",
                            "tags.environment": "straight to production",
                            "tags.project": "provide proof of ability to do cloudy type things",
                            "vpc_id": "vpc-e4cb1d9c"
                        },
                        "meta": {
                            "schema_version": "1"
                        },
                        "tainted": false
                    },
                    "deposed": [],
                    "provider": ""
                },
                "aws_subnet.public": {
                    "type": "aws_subnet",
                    "depends_on": [
                        "aws_vpc.main"
                    ],
                    "primary": {
                        "id": "subnet-cd7ba3f2",
                        "attributes": {
                            "assign_ipv6_address_on_creation": "false",
                            "availability_zone": "us-east-1e",
                            "cidr_block": "10.0.0.0/24",
                            "id": "subnet-cd7ba3f2",
                            "map_public_ip_on_launch": "false",
                            "tags.%": "4",
                            "tags.Name": "New Public Subnet",
                            "tags.created-by": "adam.claypool@tempus.com",
                            "tags.environment": "straight to production",
                            "tags.project": "provide proof of ability to do cloudy type things",
                            "vpc_id": "vpc-e4cb1d9c"
                        },
                        "meta": {
                            "schema_version": "1"
                        },
                        "tainted": false
                    },
                    "deposed": [],
                    "provider": ""
                },
                "aws_vpc.main": {
                    "type": "aws_vpc",
                    "depends_on": [],
                    "primary": {
                        "id": "vpc-e4cb1d9c",
                        "attributes": {
                            "assign_generated_ipv6_cidr_block": "false",
                            "cidr_block": "10.0.0.0/16",
                            "default_network_acl_id": "acl-1cbaf264",
                            "default_route_table_id": "rtb-dc66f0a6",
                            "default_security_group_id": "sg-b6b73bc4",
                            "dhcp_options_id": "dopt-3da36758",
                            "enable_classiclink": "false",
                            "enable_classiclink_dns_support": "false",
                            "enable_dns_hostnames": "false",
                            "enable_dns_support": "true",
                            "id": "vpc-e4cb1d9c",
                            "instance_tenancy": "default",
                            "main_route_table_id": "rtb-dc66f0a6",
                            "tags.%": "4",
                            "tags.Name": "New Main VPC",
                            "tags.created-by": "adam.claypool@tempus.com",
                            "tags.environment": "straight to production",
                            "tags.project": "provide proof of ability to do cloudy type things"
                        },
                        "meta": {
                            "schema_version": "1"
                        },
                        "tainted": false
                    },
                    "deposed": [],
                    "provider": ""
                },
                "null_resource.bootstrap": {
                    "type": "null_resource",
                    "depends_on": [
                        "aws_eip.inst.*"
                    ],
                    "primary": {
                        "id": "5178459491185976583",
                        "attributes": {
                            "id": "5178459491185976583",
                            "triggers.%": "1",
                            "triggers.instance_ids": "34.231.43.179"
                        },
                        "meta": {},
                        "tainted": false
                    },
                    "deposed": [],
                    "provider": ""
                }
            },
            "depends_on": []
        }
    ]
}
