{
    "version": 3,
    "terraform_version": "0.10.7",
    "serial": 76,
    "lineage": "729bd012-9cd5-43e2-9406-a3db5e1b352a",
    "modules": [
        {
            "path": [
                "root"
            ],
            "outputs": {
                "instance_ids": {
                    "sensitive": false,
                    "type": "list",
                    "value": [
                        "i-09b985ca38de3526d"
                    ]
                },
                "instance_ips": {
                    "sensitive": false,
                    "type": "list",
                    "value": [
                        "34.239.226.199"
                    ]
                }
            },
            "resources": {
                "aws_eip.nat": {
                    "type": "aws_eip",
                    "depends_on": [],
                    "primary": {
                        "id": "eipalloc-ceb520fb",
                        "attributes": {
                            "association_id": "",
                            "domain": "vpc",
                            "id": "eipalloc-ceb520fb",
                            "instance": "",
                            "network_interface": "",
                            "private_ip": "",
                            "public_ip": "34.236.84.126",
                            "vpc": "true"
                        },
                        "meta": {},
                        "tainted": false
                    },
                    "deposed": [],
                    "provider": ""
                },
                "aws_instance.web": {
                    "type": "aws_instance",
                    "depends_on": [
                        "aws_security_group.allow_all_outbound",
                        "aws_security_group.allow_all_web",
                        "aws_security_group.allow_ssh",
                        "aws_subnet.public"
                    ],
                    "primary": {
                        "id": "i-09b985ca38de3526d",
                        "attributes": {
                            "ami": "ami-ec33cc96",
                            "associate_public_ip_address": "true",
                            "availability_zone": "us-east-1a",
                            "disable_api_termination": "false",
                            "ebs_block_device.#": "1",
                            "ebs_block_device.504524833.delete_on_termination": "true",
                            "ebs_block_device.504524833.device_name": "/dev/xvdcz",
                            "ebs_block_device.504524833.encrypted": "false",
                            "ebs_block_device.504524833.iops": "100",
                            "ebs_block_device.504524833.snapshot_id": "",
                            "ebs_block_device.504524833.volume_size": "22",
                            "ebs_block_device.504524833.volume_type": "gp2",
                            "ebs_optimized": "false",
                            "ephemeral_block_device.#": "0",
                            "iam_instance_profile": "",
                            "id": "i-09b985ca38de3526d",
                            "instance_state": "running",
                            "instance_type": "t2.nano",
                            "ipv6_addresses.#": "0",
                            "key_name": "newnew",
                            "monitoring": "false",
                            "network_interface.#": "0",
                            "network_interface_id": "eni-ed9e73fb",
                            "primary_network_interface_id": "eni-ed9e73fb",
                            "private_dns": "ip-10-0-0-12.ec2.internal",
                            "private_ip": "10.0.0.12",
                            "public_dns": "",
                            "public_ip": "34.239.226.199",
                            "root_block_device.#": "1",
                            "root_block_device.0.delete_on_termination": "true",
                            "root_block_device.0.iops": "0",
                            "root_block_device.0.volume_size": "10",
                            "root_block_device.0.volume_type": "standard",
                            "security_groups.#": "0",
                            "source_dest_check": "true",
                            "subnet_id": "subnet-474fc823",
                            "tags.%": "4",
                            "tags.Name": "New-Hello World-1",
                            "tags.created-by": "adam.claypool@tempus.com",
                            "tags.environment": "straight to production",
                            "tags.project": "provide proof of ability to do cloudy type things",
                            "tenancy": "default",
                            "volume_tags.%": "4",
                            "volume_tags.Name": "NewHello World-1",
                            "volume_tags.created-by": "adam.claypool@tempus.com",
                            "volume_tags.environment": "straight to production",
                            "volume_tags.project": "provide proof of ability to do cloudy type things",
                            "vpc_security_group_ids.#": "3",
                            "vpc_security_group_ids.1890495315": "sg-456df937",
                            "vpc_security_group_ids.3138305056": "sg-826df9f0",
                            "vpc_security_group_ids.3791094181": "sg-6f14801d"
                        },
                        "meta": {
                            "e2bfb730-ecaa-11e6-8f88-34363bc7c4c0": {
                                "create": 600000000000,
                                "delete": 600000000000,
                                "update": 600000000000
                            },
                            "schema_version": "1"
                        },
                        "tainted": false
                    },
                    "deposed": [],
                    "provider": ""
                },
                "aws_internet_gateway.gw": {
                    "type": "aws_internet_gateway",
                    "depends_on": [
                        "aws_vpc.main"
                    ],
                    "primary": {
                        "id": "igw-8cfa5cf5",
                        "attributes": {
                            "id": "igw-8cfa5cf5",
                            "tags.%": "4",
                            "tags.Name": "New Internet Gateway",
                            "tags.created-by": "adam.claypool@tempus.com",
                            "tags.environment": "straight to production",
                            "tags.project": "provide proof of ability to do cloudy type things",
                            "vpc_id": "vpc-fba37383"
                        },
                        "meta": {},
                        "tainted": false
                    },
                    "deposed": [],
                    "provider": ""
                },
                "aws_key_pair.key": {
                    "type": "aws_key_pair",
                    "depends_on": [],
                    "primary": {
                        "id": "newnew",
                        "attributes": {
                            "id": "newnew",
                            "key_name": "newnew",
                            "public_key": "ssh-rsa AAAAB3NzaC1yc2EAAAADAQABAAABAQDBNDOkNNMBmAEEaKetrwwI+I5YhlmLFFXLrFEtxAUw3FGjIS+1iZeY7OcoB1GNb49sgir+/JU2vVd5Alnu4XNaJqk2v6oSujUiix2uXM43Y577tWGKoKCeaRcx6vR3VshHPSUMrVXu71J8sE8Fkof3RuYFE8v0OFFtd3dFXf3FtMpDVsk72LmoRvE+w+Mhb3AfJjJJ/zosCvq9aJbUIfYZIZ5vOsyhWkuWF3LQ0sT7yJjPwYUdIghU3wMGp+ZYl+NIRa2y61m/qgpfNhg6nwhCkvjT3RkiuPsxBHABWjMr4FBL5IAnE7AYroTE6J+T3k0jVc4//ib63mu0sZZ2mE8Z aclaypool@spicyporkrindsandchocalatemilk"
                        },
                        "meta": {
                            "schema_version": "1"
                        },
                        "tainted": false
                    },
                    "deposed": [],
                    "provider": ""
                },
                "aws_nat_gateway.gw": {
                    "type": "aws_nat_gateway",
                    "depends_on": [
                        "aws_eip.nat",
                        "aws_subnet.public"
                    ],
                    "primary": {
                        "id": "nat-064d092e78967577c",
                        "attributes": {
                            "allocation_id": "eipalloc-ceb520fb",
                            "id": "nat-064d092e78967577c",
                            "network_interface_id": "eni-709f7266",
                            "private_ip": "10.0.0.103",
                            "public_ip": "34.236.84.126",
                            "subnet_id": "subnet-474fc823",
                            "tags.%": "4",
                            "tags.Name": "New NAT Gateway",
                            "tags.created-by": "adam.claypool@tempus.com",
                            "tags.environment": "straight to production",
                            "tags.project": "provide proof of ability to do cloudy type things"
                        },
                        "meta": {},
                        "tainted": false
                    },
                    "deposed": [],
                    "provider": ""
                },
                "aws_route_table.private": {
                    "type": "aws_route_table",
                    "depends_on": [
                        "aws_nat_gateway.gw",
                        "aws_vpc.main"
                    ],
                    "primary": {
                        "id": "rtb-23ec7059",
                        "attributes": {
                            "id": "rtb-23ec7059",
                            "propagating_vgws.#": "0",
                            "route.#": "1",
                            "route.571730342.cidr_block": "0.0.0.0/0",
                            "route.571730342.egress_only_gateway_id": "",
                            "route.571730342.gateway_id": "",
                            "route.571730342.instance_id": "",
                            "route.571730342.ipv6_cidr_block": "",
                            "route.571730342.nat_gateway_id": "nat-064d092e78967577c",
                            "route.571730342.network_interface_id": "",
                            "route.571730342.vpc_peering_connection_id": "",
                            "tags.%": "4",
                            "tags.Name": "New Private Route Table",
                            "tags.created-by": "adam.claypool@tempus.com",
                            "tags.environment": "straight to production",
                            "tags.project": "provide proof of ability to do cloudy type things",
                            "vpc_id": "vpc-fba37383"
                        },
                        "meta": {},
                        "tainted": false
                    },
                    "deposed": [],
                    "provider": ""
                },
                "aws_route_table.public": {
                    "type": "aws_route_table",
                    "depends_on": [
                        "aws_internet_gateway.gw",
                        "aws_vpc.main"
                    ],
                    "primary": {
                        "id": "rtb-d6ff63ac",
                        "attributes": {
                            "id": "rtb-d6ff63ac",
                            "propagating_vgws.#": "0",
                            "route.#": "1",
                            "route.3766066972.cidr_block": "0.0.0.0/0",
                            "route.3766066972.egress_only_gateway_id": "",
                            "route.3766066972.gateway_id": "igw-8cfa5cf5",
                            "route.3766066972.instance_id": "",
                            "route.3766066972.ipv6_cidr_block": "",
                            "route.3766066972.nat_gateway_id": "",
                            "route.3766066972.network_interface_id": "",
                            "route.3766066972.vpc_peering_connection_id": "",
                            "tags.%": "4",
                            "tags.Name": "New Public Route Table",
                            "tags.created-by": "adam.claypool@tempus.com",
                            "tags.environment": "straight to production",
                            "tags.project": "provide proof of ability to do cloudy type things",
                            "vpc_id": "vpc-fba37383"
                        },
                        "meta": {},
                        "tainted": false
                    },
                    "deposed": [],
                    "provider": ""
                },
                "aws_route_table_association.private": {
                    "type": "aws_route_table_association",
                    "depends_on": [
                        "aws_route_table.private",
                        "aws_subnet.private"
                    ],
                    "primary": {
                        "id": "rtbassoc-728b420f",
                        "attributes": {
                            "id": "rtbassoc-728b420f",
                            "route_table_id": "rtb-23ec7059",
                            "subnet_id": "subnet-da130b80"
                        },
                        "meta": {},
                        "tainted": false
                    },
                    "deposed": [],
                    "provider": ""
                },
                "aws_route_table_association.public": {
                    "type": "aws_route_table_association",
                    "depends_on": [
                        "aws_route_table.public",
                        "aws_subnet.public"
                    ],
                    "primary": {
                        "id": "rtbassoc-0089407d",
                        "attributes": {
                            "id": "rtbassoc-0089407d",
                            "route_table_id": "rtb-d6ff63ac",
                            "subnet_id": "subnet-474fc823"
                        },
                        "meta": {},
                        "tainted": false
                    },
                    "deposed": [],
                    "provider": ""
                },
                "aws_security_group.allow_all_outbound": {
                    "type": "aws_security_group",
                    "depends_on": [
                        "aws_vpc.main"
                    ],
                    "primary": {
                        "id": "sg-456df937",
                        "attributes": {
                            "description": "Allow all outbound traffic",
                            "egress.#": "1",
                            "egress.482069346.cidr_blocks.#": "1",
                            "egress.482069346.cidr_blocks.0": "0.0.0.0/0",
                            "egress.482069346.from_port": "0",
                            "egress.482069346.ipv6_cidr_blocks.#": "0",
                            "egress.482069346.prefix_list_ids.#": "0",
                            "egress.482069346.protocol": "-1",
                            "egress.482069346.security_groups.#": "0",
                            "egress.482069346.self": "false",
                            "egress.482069346.to_port": "0",
                            "id": "sg-456df937",
                            "ingress.#": "0",
                            "name": "vpc-fba37383-20171020015855692500000001",
                            "name_prefix": "vpc-fba37383-",
                            "owner_id": "465770882877",
                            "tags.%": "4",
                            "tags.Name": "New Allow All Outbound",
                            "tags.created-by": "adam.claypool@tempus.com",
                            "tags.environment": "straight to production",
                            "tags.project": "provide proof of ability to do cloudy type things",
                            "vpc_id": "vpc-fba37383"
                        },
                        "meta": {},
                        "tainted": false
                    },
                    "deposed": [],
                    "provider": ""
                },
                "aws_security_group.allow_all_web": {
                    "type": "aws_security_group",
                    "depends_on": [
                        "aws_vpc.main"
                    ],
                    "primary": {
                        "id": "sg-826df9f0",
                        "attributes": {
                            "description": "Allow inbound web traffic",
                            "egress.#": "0",
                            "id": "sg-826df9f0",
                            "ingress.#": "2",
                            "ingress.2214680975.cidr_blocks.#": "1",
                            "ingress.2214680975.cidr_blocks.0": "0.0.0.0/0",
                            "ingress.2214680975.from_port": "80",
                            "ingress.2214680975.ipv6_cidr_blocks.#": "0",
                            "ingress.2214680975.protocol": "tcp",
                            "ingress.2214680975.security_groups.#": "0",
                            "ingress.2214680975.self": "false",
                            "ingress.2214680975.to_port": "80",
                            "ingress.2617001939.cidr_blocks.#": "1",
                            "ingress.2617001939.cidr_blocks.0": "0.0.0.0/0",
                            "ingress.2617001939.from_port": "443",
                            "ingress.2617001939.ipv6_cidr_blocks.#": "0",
                            "ingress.2617001939.protocol": "tcp",
                            "ingress.2617001939.security_groups.#": "0",
                            "ingress.2617001939.self": "false",
                            "ingress.2617001939.to_port": "443",
                            "name": "vpc-fba37383-20171020015855693500000003",
                            "name_prefix": "vpc-fba37383-",
                            "owner_id": "465770882877",
                            "tags.%": "4",
                            "tags.Name": "New Allow All Web",
                            "tags.created-by": "adam.claypool@tempus.com",
                            "tags.environment": "straight to production",
                            "tags.project": "provide proof of ability to do cloudy type things",
                            "vpc_id": "vpc-fba37383"
                        },
                        "meta": {},
                        "tainted": false
                    },
                    "deposed": [],
                    "provider": ""
                },
                "aws_security_group.allow_ssh": {
                    "type": "aws_security_group",
                    "depends_on": [
                        "aws_vpc.main"
                    ],
                    "primary": {
                        "id": "sg-6f14801d",
                        "attributes": {
                            "description": "Allow inbound SSH traffic",
                            "egress.#": "0",
                            "id": "sg-6f14801d",
                            "ingress.#": "1",
                            "ingress.2226030211.cidr_blocks.#": "1",
                            "ingress.2226030211.cidr_blocks.0": "71.57.40.7/32",
                            "ingress.2226030211.from_port": "22",
                            "ingress.2226030211.ipv6_cidr_blocks.#": "0",
                            "ingress.2226030211.protocol": "tcp",
                            "ingress.2226030211.security_groups.#": "0",
                            "ingress.2226030211.self": "false",
                            "ingress.2226030211.to_port": "22",
                            "name": "vpc-fba37383-20171020015855692700000002",
                            "name_prefix": "vpc-fba37383-",
                            "owner_id": "465770882877",
                            "tags.%": "4",
                            "tags.Name": "New Allow Specific SSH",
                            "tags.created-by": "adam.claypool@tempus.com",
                            "tags.environment": "straight to production",
                            "tags.project": "provide proof of ability to do cloudy type things",
                            "vpc_id": "vpc-fba37383"
                        },
                        "meta": {},
                        "tainted": false
                    },
                    "deposed": [],
                    "provider": ""
                },
                "aws_subnet.private": {
                    "type": "aws_subnet",
                    "depends_on": [
                        "aws_vpc.main"
                    ],
                    "primary": {
                        "id": "subnet-da130b80",
                        "attributes": {
                            "assign_ipv6_address_on_creation": "false",
                            "availability_zone": "us-east-1d",
                            "cidr_block": "10.0.1.0/24",
                            "id": "subnet-da130b80",
                            "map_public_ip_on_launch": "false",
                            "tags.%": "4",
                            "tags.Name": "New Private Subnet",
                            "tags.created-by": "adam.claypool@tempus.com",
                            "tags.environment": "straight to production",
                            "tags.project": "provide proof of ability to do cloudy type things",
                            "vpc_id": "vpc-fba37383"
                        },
                        "meta": {
                            "schema_version": "1"
                        },
                        "tainted": false
                    },
                    "deposed": [],
                    "provider": ""
                },
                "aws_subnet.public": {
                    "type": "aws_subnet",
                    "depends_on": [
                        "aws_vpc.main"
                    ],
                    "primary": {
                        "id": "subnet-474fc823",
                        "attributes": {
                            "assign_ipv6_address_on_creation": "false",
                            "availability_zone": "us-east-1a",
                            "cidr_block": "10.0.0.0/24",
                            "id": "subnet-474fc823",
                            "map_public_ip_on_launch": "false",
                            "tags.%": "4",
                            "tags.Name": "New Public Subnet",
                            "tags.created-by": "adam.claypool@tempus.com",
                            "tags.environment": "straight to production",
                            "tags.project": "provide proof of ability to do cloudy type things",
                            "vpc_id": "vpc-fba37383"
                        },
                        "meta": {
                            "schema_version": "1"
                        },
                        "tainted": false
                    },
                    "deposed": [],
                    "provider": ""
                },
                "aws_vpc.main": {
                    "type": "aws_vpc",
                    "depends_on": [],
                    "primary": {
                        "id": "vpc-fba37383",
                        "attributes": {
                            "assign_generated_ipv6_cidr_block": "false",
                            "cidr_block": "10.0.0.0/16",
                            "default_network_acl_id": "acl-70bbf108",
                            "default_route_table_id": "rtb-6ef66a14",
                            "default_security_group_id": "sg-3568fc47",
                            "dhcp_options_id": "dopt-3da36758",
                            "enable_classiclink": "false",
                            "enable_classiclink_dns_support": "false",
                            "enable_dns_hostnames": "false",
                            "enable_dns_support": "true",
                            "id": "vpc-fba37383",
                            "instance_tenancy": "default",
                            "main_route_table_id": "rtb-6ef66a14",
                            "tags.%": "4",
                            "tags.Name": "New Main VPC",
                            "tags.created-by": "adam.claypool@tempus.com",
                            "tags.environment": "straight to production",
                            "tags.project": "provide proof of ability to do cloudy type things"
                        },
                        "meta": {
                            "schema_version": "1"
                        },
                        "tainted": false
                    },
                    "deposed": [],
                    "provider": ""
                },
                "null_resource.bootstrap": {
                    "type": "null_resource",
                    "depends_on": [
                        "aws_instance.web.*"
                    ],
                    "primary": {
                        "id": "8983368240639887898",
                        "attributes": {
                            "id": "8983368240639887898",
                            "triggers.%": "1",
                            "triggers.instance_ids": "34.239.226.199"
                        },
                        "meta": {},
                        "tainted": false
                    },
                    "deposed": [],
                    "provider": ""
                }
            },
            "depends_on": []
        }
    ]
}
